
Microsoft Visual Studio Solution File, Format Version 12.00
# Visual Studio Version 17
VisualStudioVersion = 17.0.31903.59
MinimumVisualStudioVersion = 10.0.40219.1
Project("{2150E333-8FDC-42A3-9474-1A3956D46DE8}") = "src", "src", "{D567A8FD-AFD8-41A3-8D9D-0F1722FD8350}"
EndProject
Project("{FAE04EC0-301F-11D3-BF4B-00C04F79EFBC}") = "Application", "src\Application\Application.csproj", "{5632212E-E1F2-427C-998B-21CFEF8D7A6A}"
EndProject
Project("{FAE04EC0-301F-11D3-BF4B-00C04F79EFBC}") = "Domain", "src\Domain\Domain.csproj", "{FAC840AA-8B1D-448D-8E33-18E8DD70D400}"
EndProject
Project("{FAE04EC0-301F-11D3-BF4B-00C04F79EFBC}") = "Infrastructure", "src\Infrastructure\Infrastructure.csproj", "{B1A48FA8-DA69-4565-8687-8F6BE9B9604F}"
EndProject
Project("{FAE04EC0-301F-11D3-BF4B-00C04F79EFBC}") = "Web", "src\Web\Web.csproj", "{60C12BF9-D05C-498C-ADD9-097AC1AC86F9}"
EndProject
Global
	GlobalSection(SolutionConfigurationPlatforms) = preSolution
		Debug|Any CPU = Debug|Any CPU
		Release|Any CPU = Release|Any CPU
	EndGlobalSection
	GlobalSection(SolutionProperties) = preSolution
		HideSolutionNode = FALSE
	EndGlobalSection
	GlobalSection(ProjectConfigurationPlatforms) = postSolution
		{5632212E-E1F2-427C-998B-21CFEF8D7A6A}.Debug|Any CPU.ActiveCfg = Debug|Any CPU
		{5632212E-E1F2-427C-998B-21CFEF8D7A6A}.Debug|Any CPU.Build.0 = Debug|Any CPU
		{5632212E-E1F2-427C-998B-21CFEF8D7A6A}.Release|Any CPU.ActiveCfg = Release|Any CPU
		{5632212E-E1F2-427C-998B-21CFEF8D7A6A}.Release|Any CPU.Build.0 = Release|Any CPU
		{FAC840AA-8B1D-448D-8E33-18E8DD70D400}.Debug|Any CPU.ActiveCfg = Debug|Any CPU
		{FAC840AA-8B1D-448D-8E33-18E8DD70D400}.Debug|Any CPU.Build.0 = Debug|Any CPU
		{FAC840AA-8B1D-448D-8E33-18E8DD70D400}.Release|Any CPU.ActiveCfg = Release|Any CPU
		{FAC840AA-8B1D-448D-8E33-18E8DD70D400}.Release|Any CPU.Build.0 = Release|Any CPU
		{B1A48FA8-DA69-4565-8687-8F6BE9B9604F}.Debug|Any CPU.ActiveCfg = Debug|Any CPU
		{B1A48FA8-DA69-4565-8687-8F6BE9B9604F}.Debug|Any CPU.Build.0 = Debug|Any CPU
		{B1A48FA8-DA69-4565-8687-8F6BE9B9604F}.Release|Any CPU.ActiveCfg = Release|Any CPU
		{B1A48FA8-DA69-4565-8687-8F6BE9B9604F}.Release|Any CPU.Build.0 = Release|Any CPU
		{60C12BF9-D05C-498C-ADD9-097AC1AC86F9}.Debug|Any CPU.ActiveCfg = Debug|Any CPU
		{60C12BF9-D05C-498C-ADD9-097AC1AC86F9}.Debug|Any CPU.Build.0 = Debug|Any CPU
		{60C12BF9-D05C-498C-ADD9-097AC1AC86F9}.Release|Any CPU.ActiveCfg = Release|Any CPU
		{60C12BF9-D05C-498C-ADD9-097AC1AC86F9}.Release|Any CPU.Build.0 = Release|Any CPU
	EndGlobalSection
	GlobalSection(NestedProjects) = preSolution
		{5632212E-E1F2-427C-998B-21CFEF8D7A6A} = {D567A8FD-AFD8-41A3-8D9D-0F1722FD8350}
		{FAC840AA-8B1D-448D-8E33-18E8DD70D400} = {D567A8FD-AFD8-41A3-8D9D-0F1722FD8350}
		{B1A48FA8-DA69-4565-8687-8F6BE9B9604F} = {D567A8FD-AFD8-41A3-8D9D-0F1722FD8350}
		{60C12BF9-D05C-498C-ADD9-097AC1AC86F9} = {D567A8FD-AFD8-41A3-8D9D-0F1722FD8350}
	EndGlobalSection
EndGlobal
